
Microsoft Visual Studio Solution File, Format Version 12.00
# Visual Studio Version 17
VisualStudioVersion = 17.9.34607.119
MinimumVisualStudioVersion = 10.0.40219.1
Project("{FAE04EC0-301F-11D3-BF4B-00C04F79EFBC}") = "Actividad 10", "Actividad 10\Actividad 10.csproj", "{96301D5C-F891-4D52-98C1-C284A2A56275}"
EndProject
Global
	GlobalSection(SolutionConfigurationPlatforms) = preSolution
		Debug|Any CPU = Debug|Any CPU
		Release|Any CPU = Release|Any CPU
	EndGlobalSection
	GlobalSection(ProjectConfigurationPlatforms) = postSolution
		{96301D5C-F891-4D52-98C1-C284A2A56275}.Debug|Any CPU.ActiveCfg = Debug|Any CPU
		{96301D5C-F891-4D52-98C1-C284A2A56275}.Debug|Any CPU.Build.0 = Debug|Any CPU
		{96301D5C-F891-4D52-98C1-C284A2A56275}.Release|Any CPU.ActiveCfg = Release|Any CPU
		{96301D5C-F891-4D52-98C1-C284A2A56275}.Release|Any CPU.Build.0 = Release|Any CPU
	EndGlobalSection
	GlobalSection(SolutionProperties) = preSolution
		HideSolutionNode = FALSE
	EndGlobalSection
	GlobalSection(ExtensibilityGlobals) = postSolution
		SolutionGuid = {30EFDCBD-E289-488D-85EB-4A1A900D144B}
	EndGlobalSection
EndGlobal
